
Microsoft Visual Studio Solution File, Format Version 12.00
# Visual Studio 15
VisualStudioVersion = 15.0.27703.2026
MinimumVisualStudioVersion = 10.0.40219.1
Project("{FAE04EC0-301F-11D3-BF4B-00C04F79EFBC}") = "MonteCarlo", "MonteCarlo\MonteCarlo.csproj", "{3A805A8A-ECCA-4FEE-A796-959DCA0D3070}"
EndProject
Project("{FAE04EC0-301F-11D3-BF4B-00C04F79EFBC}") = "MonteCarlo.Tests", "MonteCarlo.Tests\MonteCarlo.Tests.csproj", "{31EC248C-0B23-421A-B816-9019BB3B60BF}"
EndProject
Global
	GlobalSection(SolutionConfigurationPlatforms) = preSolution
		Debug|Any CPU = Debug|Any CPU
		Release|Any CPU = Release|Any CPU
	EndGlobalSection
	GlobalSection(ProjectConfigurationPlatforms) = postSolution
		{3A805A8A-ECCA-4FEE-A796-959DCA0D3070}.Debug|Any CPU.ActiveCfg = Debug|Any CPU
		{3A805A8A-ECCA-4FEE-A796-959DCA0D3070}.Debug|Any CPU.Build.0 = Debug|Any CPU
		{3A805A8A-ECCA-4FEE-A796-959DCA0D3070}.Release|Any CPU.ActiveCfg = Release|Any CPU
		{3A805A8A-ECCA-4FEE-A796-959DCA0D3070}.Release|Any CPU.Build.0 = Release|Any CPU
		{31EC248C-0B23-421A-B816-9019BB3B60BF}.Debug|Any CPU.ActiveCfg = Debug|Any CPU
		{31EC248C-0B23-421A-B816-9019BB3B60BF}.Debug|Any CPU.Build.0 = Debug|Any CPU
		{31EC248C-0B23-421A-B816-9019BB3B60BF}.Release|Any CPU.ActiveCfg = Release|Any CPU
		{31EC248C-0B23-421A-B816-9019BB3B60BF}.Release|Any CPU.Build.0 = Release|Any CPU
	EndGlobalSection
	GlobalSection(SolutionProperties) = preSolution
		HideSolutionNode = FALSE
	EndGlobalSection
	GlobalSection(ExtensibilityGlobals) = postSolution
		SolutionGuid = {4D3230E7-A8BC-451A-B54D-8C7CBF67D2C8}
	EndGlobalSection
EndGlobal
